{
  "version": 4,
  "terraform_version": "1.0.4",
  "serial": 106,
  "lineage": "1bc6a9ca-f187-8fc7-0ad6-61519d873555",
  "outputs": {},
  "resources": [
    {
      "mode": "data",
      "type": "azurerm_resource_group",
      "name": "backend_app_rg",
      "provider": "provider[\"registry.terraform.io/hashicorp/azurerm\"]",
      "instances": [
        {
          "schema_version": 0,
          "attributes": {
            "id": "/subscriptions/727abc59-6390-4e17-9608-dd6388001783/resourceGroups/backend_app",
            "location": "centralus",
            "name": "backend_app",
            "tags": {},
            "timeouts": null
          },
          "sensitive_attributes": []
        }
      ]
    },
    {
      "mode": "managed",
      "type": "azurerm_app_service",
      "name": "identity",
      "provider": "provider[\"registry.terraform.io/hashicorp/azurerm\"]",
      "instances": [
        {
          "schema_version": 0,
          "attributes": {
            "app_service_plan_id": "/subscriptions/727abc59-6390-4e17-9608-dd6388001783/resourceGroups/backend_app/providers/Microsoft.Web/serverfarms/dev-service-plan",
            "app_settings": {
              "WEBSITE_NODE_DEFAULT_VERSION": "6.9.1"
            },
            "auth_settings": [
              {
                "active_directory": [],
                "additional_login_params": {},
                "allowed_external_redirect_urls": [],
                "default_provider": "",
                "enabled": false,
                "facebook": [],
                "google": [],
                "issuer": "",
                "microsoft": [],
                "runtime_version": "",
                "token_refresh_extension_hours": 0,
                "token_store_enabled": false,
                "twitter": [],
                "unauthenticated_client_action": ""
              }
            ],
            "backup": [],
            "client_affinity_enabled": false,
            "client_cert_enabled": false,
            "connection_string": [
              {
                "name": "Database",
                "type": "SQLServer",
                "value": "Server=tcp:dev-database-server1.database.windows.net;Initial Catalog=dev-database;Persist Security Info=False;User ID=mradministrator;Password=#Password101;MultipleActiveResultSets=False;Encrypt=True;TrustServerCertificate=False;Connection Timeout=60;"
              }
            ],
            "custom_domain_verification_id": "B2B90BA500BC2A8A1D12BE39C221E9645DE6553FDF7B2A79A73743ED3410137B",
            "default_site_hostname": "dev-identity-service.azurewebsites.net",
            "enabled": true,
            "https_only": false,
            "id": "/subscriptions/727abc59-6390-4e17-9608-dd6388001783/resourceGroups/backend_app/providers/Microsoft.Web/sites/dev-identity-service",
            "identity": [],
            "location": "centralus",
            "logs": [
              {
                "application_logs": [
                  {
                    "azure_blob_storage": [],
                    "file_system_level": "Off"
                  }
                ],
                "detailed_error_messages_enabled": false,
                "failed_request_tracing_enabled": false,
                "http_logs": [
                  {
                    "azure_blob_storage": [],
                    "file_system": []
                  }
                ]
              }
            ],
            "name": "dev-identity-service",
            "outbound_ip_address_list": [
              "13.89.57.7",
              "40.113.227.172",
              "40.113.245.239",
              "40.113.226.5",
              "40.113.236.214"
            ],
            "outbound_ip_addresses": "13.89.57.7,40.113.227.172,40.113.245.239,40.113.226.5,40.113.236.214",
            "possible_outbound_ip_address_list": [
              "13.89.57.7",
              "40.113.227.172",
              "40.113.245.239",
              "40.113.226.5",
              "40.113.236.214",
              "104.43.242.50",
              "104.43.242.219",
              "40.113.246.179"
            ],
            "possible_outbound_ip_addresses": "13.89.57.7,40.113.227.172,40.113.245.239,40.113.226.5,40.113.236.214,104.43.242.50,104.43.242.219,40.113.246.179",
            "resource_group_name": "backend_app",
            "site_config": [
              {
                "always_on": false,
                "app_command_line": "",
                "auto_swap_slot_name": "",
                "cors": [
                  {
                    "allowed_origins": [],
                    "support_credentials": false
                  }
                ],
                "default_documents": [
                  "Default.htm",
                  "Default.html",
                  "Default.asp",
                  "index.htm",
                  "index.html",
                  "iisstart.htm",
                  "default.aspx",
                  "index.php",
                  "hostingstart.html"
                ],
                "dotnet_framework_version": "v4.0",
                "ftps_state": "AllAllowed",
                "health_check_path": "",
                "http2_enabled": false,
                "ip_restriction": [],
                "java_container": "",
                "java_container_version": "",
                "java_version": "",
                "linux_fx_version": "",
                "local_mysql_enabled": false,
                "managed_pipeline_mode": "Integrated",
                "min_tls_version": "1.2",
                "number_of_workers": 1,
                "php_version": "5.6",
                "python_version": "",
                "remote_debugging_enabled": false,
                "remote_debugging_version": "VS2019",
                "scm_ip_restriction": [],
                "scm_type": "None",
                "scm_use_main_ip_restriction": false,
                "use_32_bit_worker_process": true,
                "websockets_enabled": false,
                "windows_fx_version": ""
              }
            ],
            "site_credential": [
              {
                "password": "ZwGJ0d21SzFsAvsof5oeZ8wpEjKslqdeb1GxANn6gpjiFJjoQs2kBoHbc0Dt",
                "username": "$dev-identity-service"
              }
            ],
            "source_control": [
              {
                "branch": "master",
                "manual_integration": false,
                "repo_url": "",
                "rollback_enabled": false,
                "use_mercurial": false
              }
            ],
            "storage_account": [],
            "tags": {},
            "timeouts": null
          },
          "sensitive_attributes": [],
          "private": "eyJlMmJmYjczMC1lY2FhLTExZTYtOGY4OC0zNDM2M2JjN2M0YzAiOnsiY3JlYXRlIjoxODAwMDAwMDAwMDAwLCJkZWxldGUiOjE4MDAwMDAwMDAwMDAsInJlYWQiOjMwMDAwMDAwMDAwMCwidXBkYXRlIjoxODAwMDAwMDAwMDAwfX0=",
          "dependencies": [
            "azurerm_app_service_plan.service_plan",
            "data.azurerm_resource_group.backend_app_rg"
          ]
        }
      ]
    },
    {
      "mode": "managed",
      "type": "azurerm_app_service",
      "name": "sales_module",
      "provider": "provider[\"registry.terraform.io/hashicorp/azurerm\"]",
      "instances": [
        {
          "schema_version": 0,
          "attributes": {
            "app_service_plan_id": "/subscriptions/727abc59-6390-4e17-9608-dd6388001783/resourceGroups/backend_app/providers/Microsoft.Web/serverfarms/dev-service-plan",
            "app_settings": {
              "WEBSITE_NODE_DEFAULT_VERSION": "6.9.1"
            },
            "auth_settings": [
              {
                "active_directory": [],
                "additional_login_params": {},
                "allowed_external_redirect_urls": [],
                "default_provider": "",
                "enabled": false,
                "facebook": [],
                "google": [],
                "issuer": "",
                "microsoft": [],
                "runtime_version": "",
                "token_refresh_extension_hours": 0,
                "token_store_enabled": false,
                "twitter": [],
                "unauthenticated_client_action": ""
              }
            ],
            "backup": [],
            "client_affinity_enabled": false,
            "client_cert_enabled": false,
            "connection_string": [
              {
                "name": "Database",
                "type": "SQLServer",
                "value": "Server=tcp:dev-database-server1.database.windows.net;Initial Catalog=dev-database;Persist Security Info=False;User ID=mradministrator;Password=#Password101;MultipleActiveResultSets=False;Encrypt=True;TrustServerCertificate=False;Connection Timeout=60;"
              }
            ],
            "custom_domain_verification_id": "B2B90BA500BC2A8A1D12BE39C221E9645DE6553FDF7B2A79A73743ED3410137B",
            "default_site_hostname": "dev-sales-service.azurewebsites.net",
            "enabled": true,
            "https_only": false,
            "id": "/subscriptions/727abc59-6390-4e17-9608-dd6388001783/resourceGroups/backend_app/providers/Microsoft.Web/sites/dev-sales-service",
            "identity": [],
            "location": "centralus",
            "logs": [
              {
                "application_logs": [
                  {
                    "azure_blob_storage": [],
                    "file_system_level": "Off"
                  }
                ],
                "detailed_error_messages_enabled": false,
                "failed_request_tracing_enabled": false,
                "http_logs": [
                  {
                    "azure_blob_storage": [],
                    "file_system": []
                  }
                ]
              }
            ],
            "name": "dev-sales-service",
            "outbound_ip_address_list": [
              "13.89.57.7",
              "40.113.227.172",
              "40.113.245.239",
              "40.113.226.5",
              "40.113.236.214"
            ],
            "outbound_ip_addresses": "13.89.57.7,40.113.227.172,40.113.245.239,40.113.226.5,40.113.236.214",
            "possible_outbound_ip_address_list": [
              "13.89.57.7",
              "40.113.227.172",
              "40.113.245.239",
              "40.113.226.5",
              "40.113.236.214",
              "104.43.242.50",
              "104.43.242.219",
              "40.113.246.179"
            ],
            "possible_outbound_ip_addresses": "13.89.57.7,40.113.227.172,40.113.245.239,40.113.226.5,40.113.236.214,104.43.242.50,104.43.242.219,40.113.246.179",
            "resource_group_name": "backend_app",
            "site_config": [
              {
                "always_on": false,
                "app_command_line": "",
                "auto_swap_slot_name": "",
                "cors": [
                  {
                    "allowed_origins": [],
                    "support_credentials": false
                  }
                ],
                "default_documents": [
                  "Default.htm",
                  "Default.html",
                  "Default.asp",
                  "index.htm",
                  "index.html",
                  "iisstart.htm",
                  "default.aspx",
                  "index.php",
                  "hostingstart.html"
                ],
                "dotnet_framework_version": "v4.0",
                "ftps_state": "AllAllowed",
                "health_check_path": "",
                "http2_enabled": false,
                "ip_restriction": [],
                "java_container": "",
                "java_container_version": "",
                "java_version": "",
                "linux_fx_version": "",
                "local_mysql_enabled": false,
                "managed_pipeline_mode": "Integrated",
                "min_tls_version": "1.2",
                "number_of_workers": 1,
                "php_version": "5.6",
                "python_version": "",
                "remote_debugging_enabled": false,
                "remote_debugging_version": "VS2019",
                "scm_ip_restriction": [],
                "scm_type": "None",
                "scm_use_main_ip_restriction": false,
                "use_32_bit_worker_process": true,
                "websockets_enabled": false,
                "windows_fx_version": ""
              }
            ],
            "site_credential": [
              {
                "password": "9WDYRBloqabpiKHlGRjx5CS8qQfzEaqWnMuJXtAlFRfaoLj5J34tABAmJ5xl",
                "username": "$dev-sales-service"
              }
            ],
            "source_control": [
              {
                "branch": "master",
                "manual_integration": false,
                "repo_url": "",
                "rollback_enabled": false,
                "use_mercurial": false
              }
            ],
            "storage_account": [],
            "tags": {
              "environment": "development"
            },
            "timeouts": null
          },
          "sensitive_attributes": [],
          "private": "eyJlMmJmYjczMC1lY2FhLTExZTYtOGY4OC0zNDM2M2JjN2M0YzAiOnsiY3JlYXRlIjoxODAwMDAwMDAwMDAwLCJkZWxldGUiOjE4MDAwMDAwMDAwMDAsInJlYWQiOjMwMDAwMDAwMDAwMCwidXBkYXRlIjoxODAwMDAwMDAwMDAwfX0=",
          "dependencies": [
            "azurerm_app_service_plan.service_plan",
            "data.azurerm_resource_group.backend_app_rg"
          ]
        }
      ]
    },
    {
      "mode": "managed",
      "type": "azurerm_app_service_plan",
      "name": "service_plan",
      "provider": "provider[\"registry.terraform.io/hashicorp/azurerm\"]",
      "instances": [
        {
          "schema_version": 0,
          "attributes": {
            "app_service_environment_id": "",
            "id": "/subscriptions/727abc59-6390-4e17-9608-dd6388001783/resourceGroups/backend_app/providers/Microsoft.Web/serverfarms/dev-service-plan",
            "is_xenon": false,
            "kind": "Windows",
            "location": "centralus",
            "maximum_elastic_worker_count": 1,
            "maximum_number_of_workers": 1,
            "name": "dev-service-plan",
            "per_site_scaling": false,
            "reserved": false,
            "resource_group_name": "backend_app",
            "sku": [
              {
                "capacity": 0,
                "size": "F1",
                "tier": "Free"
              }
            ],
            "tags": {
              "environment": "development"
            },
            "timeouts": null
          },
          "sensitive_attributes": [],
          "private": "eyJlMmJmYjczMC1lY2FhLTExZTYtOGY4OC0zNDM2M2JjN2M0YzAiOnsiY3JlYXRlIjozNjAwMDAwMDAwMDAwLCJkZWxldGUiOjM2MDAwMDAwMDAwMDAsInJlYWQiOjMwMDAwMDAwMDAwMCwidXBkYXRlIjozNjAwMDAwMDAwMDAwfX0=",
          "dependencies": [
            "data.azurerm_resource_group.backend_app_rg"
          ]
        }
      ]
    },
    {
      "mode": "managed",
      "type": "azurerm_sql_database",
      "name": "database",
      "provider": "provider[\"registry.terraform.io/hashicorp/azurerm\"]",
      "instances": [
        {
          "schema_version": 0,
          "attributes": {
            "collation": "SQL_Latin1_General_CP1_CI_AS",
            "create_mode": "Default",
            "creation_date": "2021-10-16T18:46:26.917Z",
            "default_secondary_location": "East US 2",
            "edition": "Basic",
            "elastic_pool_name": "",
            "encryption": "",
            "extended_auditing_policy": [],
            "id": "/subscriptions/727abc59-6390-4e17-9608-dd6388001783/resourceGroups/backend_app/providers/Microsoft.Sql/servers/dev-database-server1/databases/dev-database",
            "import": [],
            "location": "centralus",
            "max_size_bytes": "2147483648",
            "max_size_gb": null,
            "name": "dev-database",
            "read_scale": false,
            "requested_service_objective_id": "dd6d99bb-f193-4ec1-86f2-43d3bccbc49c",
            "requested_service_objective_name": "Basic",
            "resource_group_name": "backend_app",
            "restore_point_in_time": null,
            "server_name": "dev-database-server1",
            "source_database_deletion_date": null,
            "source_database_id": null,
            "tags": {
              "environment": "development"
            },
            "threat_detection_policy": [
              {
                "disabled_alerts": [],
                "email_account_admins": "Disabled",
                "email_addresses": [],
                "retention_days": 0,
                "state": "Disabled",
                "storage_account_access_key": "",
                "storage_endpoint": "",
                "use_server_default": "Disabled"
              }
            ],
            "timeouts": null,
            "zone_redundant": false
          },
          "sensitive_attributes": [],
          "private": "eyJlMmJmYjczMC1lY2FhLTExZTYtOGY4OC0zNDM2M2JjN2M0YzAiOnsiY3JlYXRlIjozNjAwMDAwMDAwMDAwLCJkZWxldGUiOjM2MDAwMDAwMDAwMDAsInJlYWQiOjMwMDAwMDAwMDAwMCwidXBkYXRlIjozNjAwMDAwMDAwMDAwfX0=",
          "dependencies": [
            "azurerm_sql_server.sql_server",
            "data.azurerm_resource_group.backend_app_rg"
          ]
        }
      ]
    },
    {
      "mode": "managed",
      "type": "azurerm_sql_firewall_rule",
      "name": "firewall_rule_3",
      "provider": "provider[\"registry.terraform.io/hashicorp/azurerm\"]",
      "instances": [
        {
          "schema_version": 0,
          "attributes": {
            "end_ip_address": "255.255.255.255",
            "id": "/subscriptions/727abc59-6390-4e17-9608-dd6388001783/resourceGroups/backend_app/providers/Microsoft.Sql/servers/dev-database-server1/firewallRules/dev-firewall-rule-3",
            "name": "dev-firewall-rule-3",
            "resource_group_name": "backend_app",
            "server_name": "dev-database-server1",
            "start_ip_address": "0.0.0.0",
            "timeouts": null
          },
          "sensitive_attributes": [],
          "private": "eyJlMmJmYjczMC1lY2FhLTExZTYtOGY4OC0zNDM2M2JjN2M0YzAiOnsiY3JlYXRlIjoxODAwMDAwMDAwMDAwLCJkZWxldGUiOjE4MDAwMDAwMDAwMDAsInJlYWQiOjMwMDAwMDAwMDAwMCwidXBkYXRlIjoxODAwMDAwMDAwMDAwfX0=",
          "dependencies": [
            "azurerm_sql_server.sql_server",
            "data.azurerm_resource_group.backend_app_rg"
          ]
        }
      ]
    },
    {
      "mode": "managed",
      "type": "azurerm_sql_server",
      "name": "sql_server",
      "provider": "provider[\"registry.terraform.io/hashicorp/azurerm\"]",
      "instances": [
        {
          "schema_version": 0,
          "attributes": {
            "administrator_login": "mradministrator",
            "administrator_login_password": "#Password101",
            "connection_policy": "Default",
            "extended_auditing_policy": [],
            "fully_qualified_domain_name": "dev-database-server1.database.windows.net",
            "id": "/subscriptions/727abc59-6390-4e17-9608-dd6388001783/resourceGroups/backend_app/providers/Microsoft.Sql/servers/dev-database-server1",
            "identity": [],
            "location": "centralus",
            "name": "dev-database-server1",
            "resource_group_name": "backend_app",
            "tags": {
              "environment": "development"
            },
            "timeouts": null,
            "version": "12.0"
          },
          "sensitive_attributes": [],
          "private": "eyJlMmJmYjczMC1lY2FhLTExZTYtOGY4OC0zNDM2M2JjN2M0YzAiOnsiY3JlYXRlIjozNjAwMDAwMDAwMDAwLCJkZWxldGUiOjM2MDAwMDAwMDAwMDAsInJlYWQiOjMwMDAwMDAwMDAwMCwidXBkYXRlIjozNjAwMDAwMDAwMDAwfX0=",
          "dependencies": [
            "data.azurerm_resource_group.backend_app_rg"
          ]
        }
      ]
    }
  ]
}
